// !$*UTF8*$!
{
	archiveVersion = 1;
	classes = {
	};
	objectVersion = 50;
	objects = {

/* Begin PBXBuildFile section */
		FF816FE921123C980047E900 /* 3dAnimatedObjectClass.swift in Sources */ = {isa = PBXBuildFile; fileRef = FF816FE821123C980047E900 /* 3dAnimatedObjectClass.swift */; };
		FFF7BE032107CC55008A3070 /* AppDelegate.swift in Sources */ = {isa = PBXBuildFile; fileRef = FFF7BE022107CC55008A3070 /* AppDelegate.swift */; };
		FFF7BE052107CC55008A3070 /* art.scnassets in Resources */ = {isa = PBXBuildFile; fileRef = FFF7BE042107CC55008A3070 /* art.scnassets */; };
		FFF7BE072107CC55008A3070 /* ViewController.swift in Sources */ = {isa = PBXBuildFile; fileRef = FFF7BE062107CC55008A3070 /* ViewController.swift */; };
		FFF7BE0A2107CC55008A3070 /* Main.storyboard in Resources */ = {isa = PBXBuildFile; fileRef = FFF7BE082107CC55008A3070 /* Main.storyboard */; };
		FFF7BE0C2107CC56008A3070 /* Assets.xcassets in Resources */ = {isa = PBXBuildFile; fileRef = FFF7BE0B2107CC56008A3070 /* Assets.xcassets */; };
		FFF7BE0F2107CC56008A3070 /* LaunchScreen.storyboard in Resources */ = {isa = PBXBuildFile; fileRef = FFF7BE0D2107CC56008A3070 /* LaunchScreen.storyboard */; };
/* End PBXBuildFile section */

/* Begin PBXFileReference section */
		FF816FE821123C980047E900 /* 3dAnimatedObjectClass.swift */ = {isa = PBXFileReference; lastKnownFileType = sourcecode.swift; path = 3dAnimatedObjectClass.swift; sourceTree = "<group>"; };
		FFF7BDFF2107CC55008A3070 /* RenderTest.app */ = {isa = PBXFileReference; explicitFileType = wrapper.application; includeInIndex = 0; path = RenderTest.app; sourceTree = BUILT_PRODUCTS_DIR; };
		FFF7BE022107CC55008A3070 /* AppDelegate.swift */ = {isa = PBXFileReference; lastKnownFileType = sourcecode.swift; path = AppDelegate.swift; sourceTree = "<group>"; };
		FFF7BE042107CC55008A3070 /* art.scnassets */ = {isa = PBXFileReference; lastKnownFileType = wrapper.scnassets; path = art.scnassets; sourceTree = "<group>"; };
		FFF7BE062107CC55008A3070 /* ViewController.swift */ = {isa = PBXFileReference; lastKnownFileType = sourcecode.swift; path = ViewController.swift; sourceTree = "<group>"; };
		FFF7BE092107CC55008A3070 /* Base */ = {isa = PBXFileReference; lastKnownFileType = file.storyboard; name = Base; path = Base.lproj/Main.storyboard; sourceTree = "<group>"; };
		FFF7BE0B2107CC56008A3070 /* Assets.xcassets */ = {isa = PBXFileReference; lastKnownFileType = folder.assetcatalog; path = Assets.xcassets; sourceTree = "<group>"; };
		FFF7BE0E2107CC56008A3070 /* Base */ = {isa = PBXFileReference; lastKnownFileType = file.storyboard; name = Base; path = Base.lproj/LaunchScreen.storyboard; sourceTree = "<group>"; };
		FFF7BE102107CC56008A3070 /* Info.plist */ = {isa = PBXFileReference; lastKnownFileType = text.plist.xml; path = Info.plist; sourceTree = "<group>"; };
/* End PBXFileReference section */

/* Begin PBXFrameworksBuildPhase section */
		FFF7BDFC2107CC55008A3070 /* Frameworks */ = {
			isa = PBXFrameworksBuildPhase;
			buildActionMask = 2147483647;
			files = (
			);
			runOnlyForDeploymentPostprocessing = 0;
		};
/* End PBXFrameworksBuildPhase section */

/* Begin PBXGroup section */
		FFF7BDF62107CC55008A3070 = {
			isa = PBXGroup;
			children = (
				FFF7BE012107CC55008A3070 /* RenderTest */,
				FFF7BE002107CC55008A3070 /* Products */,
			);
			sourceTree = "<group>";
		};
		FFF7BE002107CC55008A3070 /* Products */ = {
			isa = PBXGroup;
			children = (
				FFF7BDFF2107CC55008A3070 /* RenderTest.app */,
			);
			name = Products;
			sourceTree = "<group>";
		};
		FFF7BE012107CC55008A3070 /* RenderTest */ = {
			isa = PBXGroup;
			children = (
				FFF7BE022107CC55008A3070 /* AppDelegate.swift */,
				FFF7BE042107CC55008A3070 /* art.scnassets */,
				FFF7BE062107CC55008A3070 /* ViewController.swift */,
				FF816FE821123C980047E900 /* 3dAnimatedObjectClass.swift */,
				FFF7BE082107CC55008A3070 /* Main.storyboard */,
				FFF7BE0B2107CC56008A3070 /* Assets.xcassets */,
				FFF7BE0D2107CC56008A3070 /* LaunchScreen.storyboard */,
				FFF7BE102107CC56008A3070 /* Info.plist */,
			);
			path = RenderTest;
			sourceTree = "<group>";
		};
/* End PBXGroup section */

/* Begin PBXNativeTarget section */
		FFF7BDFE2107CC55008A3070 /* RenderTest */ = {
			isa = PBXNativeTarget;
			buildConfigurationList = FFF7BE132107CC56008A3070 /* Build configuration list for PBXNativeTarget "RenderTest" */;
			buildPhases = (
				FFF7BDFB2107CC55008A3070 /* Sources */,
				FFF7BDFC2107CC55008A3070 /* Frameworks */,
				FFF7BDFD2107CC55008A3070 /* Resources */,
			);
			buildRules = (
			);
			dependencies = (
			);
			name = RenderTest;
			productName = RenderTest;
			productReference = FFF7BDFF2107CC55008A3070 /* RenderTest.app */;
			productType = "com.apple.product-type.application";
		};
/* End PBXNativeTarget section */

/* Begin PBXProject section */
		FFF7BDF72107CC55008A3070 /* Project object */ = {
			isa = PBXProject;
			attributes = {
				LastSwiftUpdateCheck = 0940;
				LastUpgradeCheck = 0940;
				ORGANIZATIONNAME = "최솔비";
				TargetAttributes = {
					FFF7BDFE2107CC55008A3070 = {
						CreatedOnToolsVersion = 9.4.1;
					};
				};
			};
			buildConfigurationList = FFF7BDFA2107CC55008A3070 /* Build configuration list for PBXProject "RenderTest" */;
			compatibilityVersion = "Xcode 9.3";
			developmentRegion = en;
			hasScannedForEncodings = 0;
			knownRegions = (
				en,
				Base,
			);
			mainGroup = FFF7BDF62107CC55008A3070;
			productRefGroup = FFF7BE002107CC55008A3070 /* Products */;
			projectDirPath = "";
			projectRoot = "";
			targets = (
				FFF7BDFE2107CC55008A3070 /* RenderTest */,
			);
		};
/* End PBXProject section */

/* Begin PBXResourcesBuildPhase section */
		FFF7BDFD2107CC55008A3070 /* Resources */ = {
			isa = PBXResourcesBuildPhase;
			buildActionMask = 2147483647;
			files = (
				FFF7BE052107CC55008A3070 /* art.scnassets in Resources */,
				FFF7BE0F2107CC56008A3070 /* LaunchScreen.storyboard in Resources */,
				FFF7BE0C2107CC56008A3070 /* Assets.xcassets in Resources */,
				FFF7BE0A2107CC55008A3070 /* Main.storyboard in Resources */,
			);
			runOnlyForDeploymentPostprocessing = 0;
		};
/* End PBXResourcesBuildPhase section */

/* Begin PBXSourcesBuildPhase section */
		FFF7BDFB2107CC55008A3070 /* Sources */ = {
			isa = PBXSourcesBuildPhase;
			buildActionMask = 2147483647;
			files = (
				FFF7BE072107CC55008A3070 /* ViewController.swift in Sources */,
				FFF7BE032107CC55008A3070 /* AppDelegate.swift in Sources */,
				FF816FE921123C980047E900 /* 3dAnimatedObjectClass.swift in Sources */,
			);
			runOnlyForDeploymentPostprocessing = 0;
		};
/* End PBXSourcesBuildPhase section */

/* Begin PBXVariantGroup section */
		FFF7BE082107CC55008A3070 /* Main.storyboard */ = {
			isa = PBXVariantGroup;
			children = (
				FFF7BE092107CC55008A3070 /* Base */,
			);
			name = Main.storyboard;
			sourceTree = "<group>";
		};
		FFF7BE0D2107CC56008A3070 /* LaunchScreen.storyboard */ = {
			isa = PBXVariantGroup;
			children = (
				FFF7BE0E2107CC56008A3070 /* Base */,
			);
			name = LaunchScreen.storyboard;
			sourceTree = "<group>";
		};
/* End PBXVariantGroup section */

/* Begin XCBuildConfiguration section */
		FFF7BE112107CC56008A3070 /* Debug */ = {
			isa = XCBuildConfiguration;
			buildSettings = {
				ALWAYS_SEARCH_USER_PATHS = NO;
				CLANG_ANALYZER_NONNULL = YES;
				CLANG_ANALYZER_NUMBER_OBJECT_CONVERSION = YES_AGGRESSIVE;
				CLANG_CXX_LANGUAGE_STANDARD = "gnu++14";
				CLANG_CXX_LIBRARY = "libc++";
				CLANG_ENABLE_MODULES = YES;
				CLANG_ENABLE_OBJC_ARC = YES;
				CLANG_ENABLE_OBJC_WEAK = YES;
				CLANG_WARN_BLOCK_CAPTURE_AUTORELEASING = YES;
				CLANG_WARN_BOOL_CONVERSION = YES;
				CLANG_WARN_COMMA = YES;
				CLANG_WARN_CONSTANT_CONVERSION = YES;
				CLANG_WARN_DEPRECATED_OBJC_IMPLEMENTATIONS = YES;
				CLANG_WARN_DIRECT_OBJC_ISA_USAGE = YES_ERROR;
				CLANG_WARN_DOCUMENTATION_COMMENTS = YES;
				CLANG_WARN_EMPTY_BODY = YES;
				CLANG_WARN_ENUM_CONVERSION = YES;
				CLANG_WARN_INFINITE_RECURSION = YES;
				CLANG_WARN_INT_CONVERSION = YES;
				CLANG_WARN_NON_LITERAL_NULL_CONVERSION = YES;
				CLANG_WARN_OBJC_IMPLICIT_RETAIN_SELF = YES;
				CLANG_WARN_OBJC_LITERAL_CONVERSION = YES;
				CLANG_WARN_OBJC_ROOT_CLASS = YES_ERROR;
				CLANG_WARN_RANGE_LOOP_ANALYSIS = YES;
				CLANG_WARN_STRICT_PROTOTYPES = YES;
				CLANG_WARN_SUSPICIOUS_MOVE = YES;
				CLANG_WARN_UNGUARDED_AVAILABILITY = YES_AGGRESSIVE;
				CLANG_WARN_UNREACHABLE_CODE = YES;
				CLANG_WARN__DUPLICATE_METHOD_MATCH = YES;
				CODE_SIGN_IDENTITY = "iPhone Developer";
				COPY_PHASE_STRIP = NO;
				DEBUG_INFORMATION_FORMAT = dwarf;
				ENABLE_STRICT_OBJC_MSGSEND = YES;
				ENABLE_TESTABILITY = YES;
				GCC_C_LANGUAGE_STANDARD = gnu11;
				GCC_DYNAMIC_NO_PIC = NO;
				GCC_NO_COMMON_BLOCKS = YES;
				GCC_OPTIMIZATION_LEVEL = 0;
				GCC_PREPROCESSOR_DEFINITIONS = (
					"DEBUG=1",
					"$(inherited)",
				);
				GCC_WARN_64_TO_32_BIT_CONVERSION = YES;
				GCC_WARN_ABOUT_RETURN_TYPE = YES_ERROR;
				GCC_WARN_UNDECLARED_SELECTOR = YES;
				GCC_WARN_UNINITIALIZED_AUTOS = YES_AGGRESSIVE;
				GCC_WARN_UNUSED_FUNCTION = YES;
				GCC_WARN_UNUSED_VARIABLE = YES;
				IPHONEOS_DEPLOYMENT_TARGET = 11.4;
				MTL_ENABLE_DEBUG_INFO = YES;
				ONLY_ACTIVE_ARCH = YES;
				SDKROOT = iphoneos;
				SWIFT_ACTIVE_COMPILATION_CONDITIONS = DEBUG;
				SWIFT_OPTIMIZATION_LEVEL = "-Onone";
			};
			name = Debug;
		};
		FFF7BE122107CC56008A3070 /* Release */ = {
			isa = XCBuildConfiguration;
			buildSettings = {
				ALWAYS_SEARCH_USER_PATHS = NO;
				CLANG_ANALYZER_NONNULL = YES;
				CLANG_ANALYZER_NUMBER_OBJECT_CONVERSION = YES_AGGRESSIVE;
				CLANG_CXX_LANGUAGE_STANDARD = "gnu++14";
				CLANG_CXX_LIBRARY = "libc++";
				CLANG_ENABLE_MODULES = YES;
				CLANG_ENABLE_OBJC_ARC = YES;
				CLANG_ENABLE_OBJC_WEAK = YES;
				CLANG_WARN_BLOCK_CAPTURE_AUTORELEASING = YES;
				CLANG_WARN_BOOL_CONVERSION = YES;
				CLANG_WARN_COMMA = YES;
				CLANG_WARN_CONSTANT_CONVERSION = YES;
				CLANG_WARN_DEPRECATED_OBJC_IMPLEMENTATIONS = YES;
				CLANG_WARN_DIRECT_OBJC_ISA_USAGE = YES_ERROR;
				CLANG_WARN_DOCUMENTATION_COMMENTS = YES;
				CLANG_WARN_EMPTY_BODY = YES;
				CLANG_WARN_ENUM_CONVERSION = YES;
				CLANG_WARN_INFINITE_RECURSION = YES;
				CLANG_WARN_INT_CONVERSION = YES;
				CLANG_WARN_NON_LITERAL_NULL_CONVERSION = YES;
				CLANG_WARN_OBJC_IMPLICIT_RETAIN_SELF = YES;
				CLANG_WARN_OBJC_LITERAL_CONVERSION = YES;
				CLANG_WARN_OBJC_ROOT_CLASS = YES_ERROR;
				CLANG_WARN_RANGE_LOOP_ANALYSIS = YES;
				CLANG_WARN_STRICT_PROTOTYPES = YES;
				CLANG_WARN_SUSPICIOUS_MOVE = YES;
				CLANG_WARN_UNGUARDED_AVAILABILITY = YES_AGGRESSIVE;
				CLANG_WARN_UNREACHABLE_CODE = YES;
				CLANG_WARN__DUPLICATE_METHOD_MATCH = YES;
				CODE_SIGN_IDENTITY = "iPhone Developer";
				COPY_PHASE_STRIP = NO;
				DEBUG_INFORMATION_FORMAT = "dwarf-with-dsym";
				ENABLE_NS_ASSERTIONS = NO;
				ENABLE_STRICT_OBJC_MSGSEND = YES;
				GCC_C_LANGUAGE_STANDARD = gnu11;
				GCC_NO_COMMON_BLOCKS = YES;
				GCC_WARN_64_TO_32_BIT_CONVERSION = YES;
				GCC_WARN_ABOUT_RETURN_TYPE = YES_ERROR;
				GCC_WARN_UNDECLARED_SELECTOR = YES;
				GCC_WARN_UNINITIALIZED_AUTOS = YES_AGGRESSIVE;
				GCC_WARN_UNUSED_FUNCTION = YES;
				GCC_WARN_UNUSED_VARIABLE = YES;
				IPHONEOS_DEPLOYMENT_TARGET = 11.4;
				MTL_ENABLE_DEBUG_INFO = NO;
				SDKROOT = iphoneos;
				SWIFT_COMPILATION_MODE = wholemodule;
				SWIFT_OPTIMIZATION_LEVEL = "-O";
				VALIDATE_PRODUCT = YES;
			};
			name = Release;
		};
		FFF7BE142107CC56008A3070 /* Debug */ = {
			isa = XCBuildConfiguration;
			buildSettings = {
				ASSETCATALOG_COMPILER_APPICON_NAME = AppIcon;
				CODE_SIGN_STYLE = Automatic;
				DEVELOPMENT_TEAM = MAAZZ493SB;
				INFOPLIST_FILE = RenderTest/Info.plist;
				LD_RUNPATH_SEARCH_PATHS = (
					"$(inherited)",
					"@executable_path/Frameworks",
				);
				PRODUCT_BUNDLE_IDENTIFIER = gg.RenderTest;
				PRODUCT_NAME = "$(TARGET_NAME)";
				SWIFT_VERSION = 4.0;
				TARGETED_DEVICE_FAMILY = "1,2";
			};
			name = Debug;
		};
		FFF7BE152107CC56008A3070 /* Release */ = {
			isa = XCBuildConfiguration;
			buildSettings = {
				ASSETCATALOG_COMPILER_APPICON_NAME = AppIcon;
				CODE_SIGN_STYLE = Automatic;
				DEVELOPMENT_TEAM = MAAZZ493SB;
				INFOPLIST_FILE = RenderTest/Info.plist;
				LD_RUNPATH_SEARCH_PATHS = (
					"$(inherited)",
					"@executable_path/Frameworks",
				);
				PRODUCT_BUNDLE_IDENTIFIER = gg.RenderTest;
				PRODUCT_NAME = "$(TARGET_NAME)";
				SWIFT_VERSION = 4.0;
				TARGETED_DEVICE_FAMILY = "1,2";
			};
			name = Release;
		};
/* End XCBuildConfiguration section */

/* Begin XCConfigurationList section */
		FFF7BDFA2107CC55008A3070 /* Build configuration list for PBXProject "RenderTest" */ = {
			isa = XCConfigurationList;
			buildConfigurations = (
				FFF7BE112107CC56008A3070 /* Debug */,
				FFF7BE122107CC56008A3070 /* Release */,
			);
			defaultConfigurationIsVisible = 0;
			defaultConfigurationName = Release;
		};
		FFF7BE132107CC56008A3070 /* Build configuration list for PBXNativeTarget "RenderTest" */ = {
			isa = XCConfigurationList;
			buildConfigurations = (
				FFF7BE142107CC56008A3070 /* Debug */,
				FFF7BE152107CC56008A3070 /* Release */,
			);
			defaultConfigurationIsVisible = 0;
			defaultConfigurationName = Release;
		};
/* End XCConfigurationList section */
	};
	rootObject = FFF7BDF72107CC55008A3070 /* Project object */;
}
